// !$*UTF8*$!
{
	archiveVersion = 1;
	classes = {
	};
	objectVersion = 46;
	objects = {

/* Begin PBXBuildFile section */
		60C4638E1A01858B00DCB24F /* AppDelegate.swift in Sources */ = {isa = PBXBuildFile; fileRef = 60C4638D1A01858B00DCB24F /* AppDelegate.swift */; };
		60C463901A01858B00DCB24F /* ViewController.swift in Sources */ = {isa = PBXBuildFile; fileRef = 60C4638F1A01858B00DCB24F /* ViewController.swift */; };
		60C463931A01858B00DCB24F /* Main.storyboard in Resources */ = {isa = PBXBuildFile; fileRef = 60C463911A01858B00DCB24F /* Main.storyboard */; };
		60C463951A01858B00DCB24F /* Images.xcassets in Resources */ = {isa = PBXBuildFile; fileRef = 60C463941A01858B00DCB24F /* Images.xcassets */; };
		60C463981A01858B00DCB24F /* LaunchScreen.xib in Resources */ = {isa = PBXBuildFile; fileRef = 60C463961A01858B00DCB24F /* LaunchScreen.xib */; };
		60C463A41A01858B00DCB24F /* OptionalsTests.swift in Sources */ = {isa = PBXBuildFile; fileRef = 60C463A31A01858B00DCB24F /* OptionalsTests.swift */; };
/* End PBXBuildFile section */

/* Begin PBXContainerItemProxy section */
		60C4639E1A01858B00DCB24F /* PBXContainerItemProxy */ = {
			isa = PBXContainerItemProxy;
			containerPortal = 60C463801A01858B00DCB24F /* Project object */;
			proxyType = 1;
			remoteGlobalIDString = 60C463871A01858B00DCB24F;
			remoteInfo = Optionals;
		};
/* End PBXContainerItemProxy section */

/* Begin PBXFileReference section */
		60C463881A01858B00DCB24F /* Optionals.app */ = {isa = PBXFileReference; explicitFileType = wrapper.application; includeInIndex = 0; path = Optionals.app; sourceTree = BUILT_PRODUCTS_DIR; };
		60C4638C1A01858B00DCB24F /* Info.plist */ = {isa = PBXFileReference; lastKnownFileType = text.plist.xml; path = Info.plist; sourceTree = "<group>"; };
		60C4638D1A01858B00DCB24F /* AppDelegate.swift */ = {isa = PBXFileReference; lastKnownFileType = sourcecode.swift; path = AppDelegate.swift; sourceTree = "<group>"; };
		60C4638F1A01858B00DCB24F /* ViewController.swift */ = {isa = PBXFileReference; lastKnownFileType = sourcecode.swift; path = ViewController.swift; sourceTree = "<group>"; };
		60C463921A01858B00DCB24F /* Base */ = {isa = PBXFileReference; lastKnownFileType = file.storyboard; name = Base; path = Base.lproj/Main.storyboard; sourceTree = "<group>"; };
		60C463941A01858B00DCB24F /* Images.xcassets */ = {isa = PBXFileReference; lastKnownFileType = folder.assetcatalog; path = Images.xcassets; sourceTree = "<group>"; };
		60C463971A01858B00DCB24F /* Base */ = {isa = PBXFileReference; lastKnownFileType = file.xib; name = Base; path = Base.lproj/LaunchScreen.xib; sourceTree = "<group>"; };
		60C4639D1A01858B00DCB24F /* OptionalsTests.xctest */ = {isa = PBXFileReference; explicitFileType = wrapper.cfbundle; includeInIndex = 0; path = OptionalsTests.xctest; sourceTree = BUILT_PRODUCTS_DIR; };
		60C463A21A01858B00DCB24F /* Info.plist */ = {isa = PBXFileReference; lastKnownFileType = text.plist.xml; path = Info.plist; sourceTree = "<group>"; };
		60C463A31A01858B00DCB24F /* OptionalsTests.swift */ = {isa = PBXFileReference; lastKnownFileType = sourcecode.swift; path = OptionalsTests.swift; sourceTree = "<group>"; };
/* End PBXFileReference section */

/* Begin PBXFrameworksBuildPhase section */
		60C463851A01858B00DCB24F /* Frameworks */ = {
			isa = PBXFrameworksBuildPhase;
			buildActionMask = 2147483647;
			files = (
			);
			runOnlyForDeploymentPostprocessing = 0;
		};
		60C4639A1A01858B00DCB24F /* Frameworks */ = {
			isa = PBXFrameworksBuildPhase;
			buildActionMask = 2147483647;
			files = (
			);
			runOnlyForDeploymentPostprocessing = 0;
		};
/* End PBXFrameworksBuildPhase section */

/* Begin PBXGroup section */
		60C4637F1A01858B00DCB24F = {
			isa = PBXGroup;
			children = (
				60C4638A1A01858B00DCB24F /* Optionals */,
				60C463A01A01858B00DCB24F /* OptionalsTests */,
				60C463891A01858B00DCB24F /* Products */,
			);
			sourceTree = "<group>";
		};
		60C463891A01858B00DCB24F /* Products */ = {
			isa = PBXGroup;
			children = (
				60C463881A01858B00DCB24F /* Optionals.app */,
				60C4639D1A01858B00DCB24F /* OptionalsTests.xctest */,
			);
			name = Products;
			sourceTree = "<group>";
		};
		60C4638A1A01858B00DCB24F /* Optionals */ = {
			isa = PBXGroup;
			children = (
				60C4638D1A01858B00DCB24F /* AppDelegate.swift */,
				60C4638F1A01858B00DCB24F /* ViewController.swift */,
				60C463911A01858B00DCB24F /* Main.storyboard */,
				60C463941A01858B00DCB24F /* Images.xcassets */,
				60C463961A01858B00DCB24F /* LaunchScreen.xib */,
				60C4638B1A01858B00DCB24F /* Supporting Files */,
			);
			path = Optionals;
			sourceTree = "<group>";
		};
		60C4638B1A01858B00DCB24F /* Supporting Files */ = {
			isa = PBXGroup;
			children = (
				60C4638C1A01858B00DCB24F /* Info.plist */,
			);
			name = "Supporting Files";
			sourceTree = "<group>";
		};
		60C463A01A01858B00DCB24F /* OptionalsTests */ = {
			isa = PBXGroup;
			children = (
				60C463A31A01858B00DCB24F /* OptionalsTests.swift */,
				60C463A11A01858B00DCB24F /* Supporting Files */,
			);
			path = OptionalsTests;
			sourceTree = "<group>";
		};
		60C463A11A01858B00DCB24F /* Supporting Files */ = {
			isa = PBXGroup;
			children = (
				60C463A21A01858B00DCB24F /* Info.plist */,
			);
			name = "Supporting Files";
			sourceTree = "<group>";
		};
/* End PBXGroup section */

/* Begin PBXNativeTarget section */
		60C463871A01858B00DCB24F /* Optionals */ = {
			isa = PBXNativeTarget;
			buildConfigurationList = 60C463A71A01858B00DCB24F /* Build configuration list for PBXNativeTarget "Optionals" */;
			buildPhases = (
				60C463841A01858B00DCB24F /* Sources */,
				60C463851A01858B00DCB24F /* Frameworks */,
				60C463861A01858B00DCB24F /* Resources */,
			);
			buildRules = (
			);
			dependencies = (
			);
			name = Optionals;
			productName = Optionals;
			productReference = 60C463881A01858B00DCB24F /* Optionals.app */;
			productType = "com.apple.product-type.application";
		};
		60C4639C1A01858B00DCB24F /* OptionalsTests */ = {
			isa = PBXNativeTarget;
			buildConfigurationList = 60C463AA1A01858B00DCB24F /* Build configuration list for PBXNativeTarget "OptionalsTests" */;
			buildPhases = (
				60C463991A01858B00DCB24F /* Sources */,
				60C4639A1A01858B00DCB24F /* Frameworks */,
				60C4639B1A01858B00DCB24F /* Resources */,
			);
			buildRules = (
			);
			dependencies = (
				60C4639F1A01858B00DCB24F /* PBXTargetDependency */,
			);
			name = OptionalsTests;
			productName = OptionalsTests;
			productReference = 60C4639D1A01858B00DCB24F /* OptionalsTests.xctest */;
			productType = "com.apple.product-type.bundle.unit-test";
		};
/* End PBXNativeTarget section */

/* Begin PBXProject section */
		60C463801A01858B00DCB24F /* Project object */ = {
			isa = PBXProject;
			attributes = {
				LastUpgradeCheck = 0610;
				ORGANIZATIONNAME = "Lee Brimelow";
				TargetAttributes = {
					60C463871A01858B00DCB24F = {
						CreatedOnToolsVersion = 6.1;
					};
					60C4639C1A01858B00DCB24F = {
						CreatedOnToolsVersion = 6.1;
						TestTargetID = 60C463871A01858B00DCB24F;
					};
				};
			};
			buildConfigurationList = 60C463831A01858B00DCB24F /* Build configuration list for PBXProject "Optionals" */;
			compatibilityVersion = "Xcode 3.2";
			developmentRegion = English;
			hasScannedForEncodings = 0;
			knownRegions = (
				en,
				Base,
			);
			mainGroup = 60C4637F1A01858B00DCB24F;
			productRefGroup = 60C463891A01858B00DCB24F /* Products */;
			projectDirPath = "";
			projectRoot = "";
			targets = (
				60C463871A01858B00DCB24F /* Optionals */,
				60C4639C1A01858B00DCB24F /* OptionalsTests */,
			);
		};
/* End PBXProject section */

/* Begin PBXResourcesBuildPhase section */
		60C463861A01858B00DCB24F /* Resources */ = {
			isa = PBXResourcesBuildPhase;
			buildActionMask = 2147483647;
			files = (
				60C463931A01858B00DCB24F /* Main.storyboard in Resources */,
				60C463981A01858B00DCB24F /* LaunchScreen.xib in Resources */,
				60C463951A01858B00DCB24F /* Images.xcassets in Resources */,
			);
			runOnlyForDeploymentPostprocessing = 0;
		};
		60C4639B1A01858B00DCB24F /* Resources */ = {
			isa = PBXResourcesBuildPhase;
			buildActionMask = 2147483647;
			files = (
			);
			runOnlyForDeploymentPostprocessing = 0;
		};
/* End PBXResourcesBuildPhase section */

/* Begin PBXSourcesBuildPhase section */
		60C463841A01858B00DCB24F /* Sources */ = {
			isa = PBXSourcesBuildPhase;
			buildActionMask = 2147483647;
			files = (
				60C463901A01858B00DCB24F /* ViewController.swift in Sources */,
				60C4638E1A01858B00DCB24F /* AppDelegate.swift in Sources */,
			);
			runOnlyForDeploymentPostprocessing = 0;
		};
		60C463991A01858B00DCB24F /* Sources */ = {
			isa = PBXSourcesBuildPhase;
			buildActionMask = 2147483647;
			files = (
				60C463A41A01858B00DCB24F /* OptionalsTests.swift in Sources */,
			);
			runOnlyForDeploymentPostprocessing = 0;
		};
/* End PBXSourcesBuildPhase section */

/* Begin PBXTargetDependency section */
		60C4639F1A01858B00DCB24F /* PBXTargetDependency */ = {
			isa = PBXTargetDependency;
			target = 60C463871A01858B00DCB24F /* Optionals */;
			targetProxy = 60C4639E1A01858B00DCB24F /* PBXContainerItemProxy */;
		};
/* End PBXTargetDependency section */

/* Begin PBXVariantGroup section */
		60C463911A01858B00DCB24F /* Main.storyboard */ = {
			isa = PBXVariantGroup;
			children = (
				60C463921A01858B00DCB24F /* Base */,
			);
			name = Main.storyboard;
			sourceTree = "<group>";
		};
		60C463961A01858B00DCB24F /* LaunchScreen.xib */ = {
			isa = PBXVariantGroup;
			children = (
				60C463971A01858B00DCB24F /* Base */,
			);
			name = LaunchScreen.xib;
			sourceTree = "<group>";
		};
/* End PBXVariantGroup section */

/* Begin XCBuildConfiguration section */
		60C463A51A01858B00DCB24F /* Debug */ = {
			isa = XCBuildConfiguration;
			buildSettings = {
				ALWAYS_SEARCH_USER_PATHS = NO;
				CLANG_CXX_LANGUAGE_STANDARD = "gnu++0x";
				CLANG_CXX_LIBRARY = "libc++";
				CLANG_ENABLE_MODULES = YES;
				CLANG_ENABLE_OBJC_ARC = YES;
				CLANG_WARN_BOOL_CONVERSION = YES;
				CLANG_WARN_CONSTANT_CONVERSION = YES;
				CLANG_WARN_DIRECT_OBJC_ISA_USAGE = YES_ERROR;
				CLANG_WARN_EMPTY_BODY = YES;
				CLANG_WARN_ENUM_CONVERSION = YES;
				CLANG_WARN_INT_CONVERSION = YES;
				CLANG_WARN_OBJC_ROOT_CLASS = YES_ERROR;
				CLANG_WARN_UNREACHABLE_CODE = YES;
				CLANG_WARN__DUPLICATE_METHOD_MATCH = YES;
				"CODE_SIGN_IDENTITY[sdk=iphoneos*]" = "iPhone Developer";
				COPY_PHASE_STRIP = NO;
				ENABLE_STRICT_OBJC_MSGSEND = YES;
				GCC_C_LANGUAGE_STANDARD = gnu99;
				GCC_DYNAMIC_NO_PIC = NO;
				GCC_OPTIMIZATION_LEVEL = 0;
				GCC_PREPROCESSOR_DEFINITIONS = (
					"DEBUG=1",
					"$(inherited)",
				);
				GCC_SYMBOLS_PRIVATE_EXTERN = NO;
				GCC_WARN_64_TO_32_BIT_CONVERSION = YES;
				GCC_WARN_ABOUT_RETURN_TYPE = YES_ERROR;
				GCC_WARN_UNDECLARED_SELECTOR = YES;
				GCC_WARN_UNINITIALIZED_AUTOS = YES_AGGRESSIVE;
				GCC_WARN_UNUSED_FUNCTION = YES;
				GCC_WARN_UNUSED_VARIABLE = YES;
				IPHONEOS_DEPLOYMENT_TARGET = 8.1;
				MTL_ENABLE_DEBUG_INFO = YES;
				ONLY_ACTIVE_ARCH = YES;
				SDKROOT = iphoneos;
				SWIFT_OPTIMIZATION_LEVEL = "-Onone";
				TARGETED_DEVICE_FAMILY = "1,2";
			};
			name = Debug;
		};
		60C463A61A01858B00DCB24F /* Release */ = {
			isa = XCBuildConfiguration;
			buildSettings = {
				ALWAYS_SEARCH_USER_PATHS = NO;
				CLANG_CXX_LANGUAGE_STANDARD = "gnu++0x";
				CLANG_CXX_LIBRARY = "libc++";
				CLANG_ENABLE_MODULES = YES;
				CLANG_ENABLE_OBJC_ARC = YES;
				CLANG_WARN_BOOL_CONVERSION = YES;
				CLANG_WARN_CONSTANT_CONVERSION = YES;
				CLANG_WARN_DIRECT_OBJC_ISA_USAGE = YES_ERROR;
				CLANG_WARN_EMPTY_BODY = YES;
				CLANG_WARN_ENUM_CONVERSION = YES;
				CLANG_WARN_INT_CONVERSION = YES;
				CLANG_WARN_OBJC_ROOT_CLASS = YES_ERROR;
				CLANG_WARN_UNREACHABLE_CODE = YES;
				CLANG_WARN__DUPLICATE_METHOD_MATCH = YES;
				"CODE_SIGN_IDENTITY[sdk=iphoneos*]" = "iPhone Developer";
				COPY_PHASE_STRIP = YES;
				ENABLE_NS_ASSERTIONS = NO;
				ENABLE_STRICT_OBJC_MSGSEND = YES;
				GCC_C_LANGUAGE_STANDARD = gnu99;
				GCC_WARN_64_TO_32_BIT_CONVERSION = YES;
				GCC_WARN_ABOUT_RETURN_TYPE = YES_ERROR;
				GCC_WARN_UNDECLARED_SELECTOR = YES;
				GCC_WARN_UNINITIALIZED_AUTOS = YES_AGGRESSIVE;
				GCC_WARN_UNUSED_FUNCTION = YES;
				GCC_WARN_UNUSED_VARIABLE = YES;
				IPHONEOS_DEPLOYMENT_TARGET = 8.1;
				MTL_ENABLE_DEBUG_INFO = NO;
				SDKROOT = iphoneos;
				TARGETED_DEVICE_FAMILY = "1,2";
				VALIDATE_PRODUCT = YES;
			};
			name = Release;
		};
		60C463A81A01858B00DCB24F /* Debug */ = {
			isa = XCBuildConfiguration;
			buildSettings = {
				ASSETCATALOG_COMPILER_APPICON_NAME = AppIcon;
				INFOPLIST_FILE = Optionals/Info.plist;
				LD_RUNPATH_SEARCH_PATHS = "$(inherited) @executable_path/Frameworks";
				PRODUCT_NAME = "$(TARGET_NAME)";
			};
			name = Debug;
		};
		60C463A91A01858B00DCB24F /* Release */ = {
			isa = XCBuildConfiguration;
			buildSettings = {
				ASSETCATALOG_COMPILER_APPICON_NAME = AppIcon;
				INFOPLIST_FILE = Optionals/Info.plist;
				LD_RUNPATH_SEARCH_PATHS = "$(inherited) @executable_path/Frameworks";
				PRODUCT_NAME = "$(TARGET_NAME)";
			};
			name = Release;
		};
		60C463AB1A01858B00DCB24F /* Debug */ = {
			isa = XCBuildConfiguration;
			buildSettings = {
				BUNDLE_LOADER = "$(TEST_HOST)";
				FRAMEWORK_SEARCH_PATHS = (
					"$(SDKROOT)/Developer/Library/Frameworks",
					"$(inherited)",
				);
				GCC_PREPROCESSOR_DEFINITIONS = (
					"DEBUG=1",
					"$(inherited)",
				);
				INFOPLIST_FILE = OptionalsTests/Info.plist;
				LD_RUNPATH_SEARCH_PATHS = "$(inherited) @executable_path/Frameworks @loader_path/Frameworks";
				PRODUCT_NAME = "$(TARGET_NAME)";
				TEST_HOST = "$(BUILT_PRODUCTS_DIR)/Optionals.app/Optionals";
			};
			name = Debug;
		};
		60C463AC1A01858B00DCB24F /* Release */ = {
			isa = XCBuildConfiguration;
			buildSettings = {
				BUNDLE_LOADER = "$(TEST_HOST)";
				FRAMEWORK_SEARCH_PATHS = (
					"$(SDKROOT)/Developer/Library/Frameworks",
					"$(inherited)",
				);
				INFOPLIST_FILE = OptionalsTests/Info.plist;
				LD_RUNPATH_SEARCH_PATHS = "$(inherited) @executable_path/Frameworks @loader_path/Frameworks";
				PRODUCT_NAME = "$(TARGET_NAME)";
				TEST_HOST = "$(BUILT_PRODUCTS_DIR)/Optionals.app/Optionals";
			};
			name = Release;
		};
/* End XCBuildConfiguration section */

/* Begin XCConfigurationList section */
		60C463831A01858B00DCB24F /* Build configuration list for PBXProject "Optionals" */ = {
			isa = XCConfigurationList;
			buildConfigurations = (
				60C463A51A01858B00DCB24F /* Debug */,
				60C463A61A01858B00DCB24F /* Release */,
			);
			defaultConfigurationIsVisible = 0;
			defaultConfigurationName = Release;
		};
		60C463A71A01858B00DCB24F /* Build configuration list for PBXNativeTarget "Optionals" */ = {
			isa = XCConfigurationList;
			buildConfigurations = (
				60C463A81A01858B00DCB24F /* Debug */,
				60C463A91A01858B00DCB24F /* Release */,
			);
			defaultConfigurationIsVisible = 0;
		};
		60C463AA1A01858B00DCB24F /* Build configuration list for PBXNativeTarget "OptionalsTests" */ = {
			isa = XCConfigurationList;
			buildConfigurations = (
				60C463AB1A01858B00DCB24F /* Debug */,
				60C463AC1A01858B00DCB24F /* Release */,
			);
			defaultConfigurationIsVisible = 0;
		};
/* End XCConfigurationList section */
	};
	rootObject = 60C463801A01858B00DCB24F /* Project object */;
}
