// !$*UTF8*$!
{
	archiveVersion = 1;
	classes = {
	};
	objectVersion = 46;
	objects = {

/* Begin PBXBuildFile section */
		609C39411948014F000BBBBE /* AppDelegate.swift in Sources */ = {isa = PBXBuildFile; fileRef = 609C39401948014F000BBBBE /* AppDelegate.swift */; };
		609C39431948014F000BBBBE /* ViewController.swift in Sources */ = {isa = PBXBuildFile; fileRef = 609C39421948014F000BBBBE /* ViewController.swift */; };
		609C39461948014F000BBBBE /* Main.storyboard in Resources */ = {isa = PBXBuildFile; fileRef = 609C39441948014F000BBBBE /* Main.storyboard */; };
		609C39481948014F000BBBBE /* Images.xcassets in Resources */ = {isa = PBXBuildFile; fileRef = 609C39471948014F000BBBBE /* Images.xcassets */; };
		609C395419480150000BBBBE /* GiantsTests.swift in Sources */ = {isa = PBXBuildFile; fileRef = 609C395319480150000BBBBE /* GiantsTests.swift */; };
		609C395F1948017C000BBBBE /* giants.png in Resources */ = {isa = PBXBuildFile; fileRef = 609C395D1948017C000BBBBE /* giants.png */; };
		609C39601948017C000BBBBE /* pence.png in Resources */ = {isa = PBXBuildFile; fileRef = 609C395E1948017C000BBBBE /* pence.png */; };
		609C3962194802B5000BBBBE /* UIImage+Cropping.swift in Sources */ = {isa = PBXBuildFile; fileRef = 609C3961194802B5000BBBBE /* UIImage+Cropping.swift */; };
/* End PBXBuildFile section */

/* Begin PBXContainerItemProxy section */
		609C394E19480150000BBBBE /* PBXContainerItemProxy */ = {
			isa = PBXContainerItemProxy;
			containerPortal = 609C39331948014F000BBBBE /* Project object */;
			proxyType = 1;
			remoteGlobalIDString = 609C393A1948014F000BBBBE;
			remoteInfo = Giants;
		};
/* End PBXContainerItemProxy section */

/* Begin PBXFileReference section */
		609C393B1948014F000BBBBE /* Giants.app */ = {isa = PBXFileReference; explicitFileType = wrapper.application; includeInIndex = 0; path = Giants.app; sourceTree = BUILT_PRODUCTS_DIR; };
		609C393F1948014F000BBBBE /* Info.plist */ = {isa = PBXFileReference; lastKnownFileType = text.plist.xml; path = Info.plist; sourceTree = "<group>"; };
		609C39401948014F000BBBBE /* AppDelegate.swift */ = {isa = PBXFileReference; lastKnownFileType = sourcecode.swift; path = AppDelegate.swift; sourceTree = "<group>"; };
		609C39421948014F000BBBBE /* ViewController.swift */ = {isa = PBXFileReference; lastKnownFileType = sourcecode.swift; path = ViewController.swift; sourceTree = "<group>"; };
		609C39451948014F000BBBBE /* Base */ = {isa = PBXFileReference; lastKnownFileType = file.storyboard; name = Base; path = Base.lproj/Main.storyboard; sourceTree = "<group>"; };
		609C39471948014F000BBBBE /* Images.xcassets */ = {isa = PBXFileReference; lastKnownFileType = folder.assetcatalog; path = Images.xcassets; sourceTree = "<group>"; };
		609C394D19480150000BBBBE /* GiantsTests.xctest */ = {isa = PBXFileReference; explicitFileType = wrapper.cfbundle; includeInIndex = 0; path = GiantsTests.xctest; sourceTree = BUILT_PRODUCTS_DIR; };
		609C395219480150000BBBBE /* Info.plist */ = {isa = PBXFileReference; lastKnownFileType = text.plist.xml; path = Info.plist; sourceTree = "<group>"; };
		609C395319480150000BBBBE /* GiantsTests.swift */ = {isa = PBXFileReference; lastKnownFileType = sourcecode.swift; path = GiantsTests.swift; sourceTree = "<group>"; };
		609C395D1948017C000BBBBE /* giants.png */ = {isa = PBXFileReference; lastKnownFileType = image.png; path = giants.png; sourceTree = "<group>"; };
		609C395E1948017C000BBBBE /* pence.png */ = {isa = PBXFileReference; lastKnownFileType = image.png; path = pence.png; sourceTree = "<group>"; };
		609C3961194802B5000BBBBE /* UIImage+Cropping.swift */ = {isa = PBXFileReference; fileEncoding = 4; lastKnownFileType = sourcecode.swift; path = "UIImage+Cropping.swift"; sourceTree = "<group>"; };
/* End PBXFileReference section */

/* Begin PBXFrameworksBuildPhase section */
		609C39381948014F000BBBBE /* Frameworks */ = {
			isa = PBXFrameworksBuildPhase;
			buildActionMask = 2147483647;
			files = (
			);
			runOnlyForDeploymentPostprocessing = 0;
		};
		609C394A19480150000BBBBE /* Frameworks */ = {
			isa = PBXFrameworksBuildPhase;
			buildActionMask = 2147483647;
			files = (
			);
			runOnlyForDeploymentPostprocessing = 0;
		};
/* End PBXFrameworksBuildPhase section */

/* Begin PBXGroup section */
		609C39321948014F000BBBBE = {
			isa = PBXGroup;
			children = (
				609C393D1948014F000BBBBE /* Giants */,
				609C395019480150000BBBBE /* GiantsTests */,
				609C393C1948014F000BBBBE /* Products */,
			);
			sourceTree = "<group>";
		};
		609C393C1948014F000BBBBE /* Products */ = {
			isa = PBXGroup;
			children = (
				609C393B1948014F000BBBBE /* Giants.app */,
				609C394D19480150000BBBBE /* GiantsTests.xctest */,
			);
			name = Products;
			sourceTree = "<group>";
		};
		609C393D1948014F000BBBBE /* Giants */ = {
			isa = PBXGroup;
			children = (
				609C39401948014F000BBBBE /* AppDelegate.swift */,
				609C39421948014F000BBBBE /* ViewController.swift */,
				609C39441948014F000BBBBE /* Main.storyboard */,
				609C395D1948017C000BBBBE /* giants.png */,
				609C395E1948017C000BBBBE /* pence.png */,
				609C39471948014F000BBBBE /* Images.xcassets */,
				609C393E1948014F000BBBBE /* Supporting Files */,
				609C3961194802B5000BBBBE /* UIImage+Cropping.swift */,
			);
			path = Giants;
			sourceTree = "<group>";
		};
		609C393E1948014F000BBBBE /* Supporting Files */ = {
			isa = PBXGroup;
			children = (
				609C393F1948014F000BBBBE /* Info.plist */,
			);
			name = "Supporting Files";
			sourceTree = "<group>";
		};
		609C395019480150000BBBBE /* GiantsTests */ = {
			isa = PBXGroup;
			children = (
				609C395319480150000BBBBE /* GiantsTests.swift */,
				609C395119480150000BBBBE /* Supporting Files */,
			);
			path = GiantsTests;
			sourceTree = "<group>";
		};
		609C395119480150000BBBBE /* Supporting Files */ = {
			isa = PBXGroup;
			children = (
				609C395219480150000BBBBE /* Info.plist */,
			);
			name = "Supporting Files";
			sourceTree = "<group>";
		};
/* End PBXGroup section */

/* Begin PBXNativeTarget section */
		609C393A1948014F000BBBBE /* Giants */ = {
			isa = PBXNativeTarget;
			buildConfigurationList = 609C395719480150000BBBBE /* Build configuration list for PBXNativeTarget "Giants" */;
			buildPhases = (
				609C39371948014F000BBBBE /* Sources */,
				609C39381948014F000BBBBE /* Frameworks */,
				609C39391948014F000BBBBE /* Resources */,
			);
			buildRules = (
			);
			dependencies = (
			);
			name = Giants;
			productName = Giants;
			productReference = 609C393B1948014F000BBBBE /* Giants.app */;
			productType = "com.apple.product-type.application";
		};
		609C394C19480150000BBBBE /* GiantsTests */ = {
			isa = PBXNativeTarget;
			buildConfigurationList = 609C395A19480150000BBBBE /* Build configuration list for PBXNativeTarget "GiantsTests" */;
			buildPhases = (
				609C394919480150000BBBBE /* Sources */,
				609C394A19480150000BBBBE /* Frameworks */,
				609C394B19480150000BBBBE /* Resources */,
			);
			buildRules = (
			);
			dependencies = (
				609C394F19480150000BBBBE /* PBXTargetDependency */,
			);
			name = GiantsTests;
			productName = GiantsTests;
			productReference = 609C394D19480150000BBBBE /* GiantsTests.xctest */;
			productType = "com.apple.product-type.bundle.unit-test";
		};
/* End PBXNativeTarget section */

/* Begin PBXProject section */
		609C39331948014F000BBBBE /* Project object */ = {
			isa = PBXProject;
			attributes = {
				LastUpgradeCheck = 0600;
				ORGANIZATIONNAME = "Lee Brimelow";
				TargetAttributes = {
					609C393A1948014F000BBBBE = {
						CreatedOnToolsVersion = 6.0;
					};
					609C394C19480150000BBBBE = {
						CreatedOnToolsVersion = 6.0;
						TestTargetID = 609C393A1948014F000BBBBE;
					};
				};
			};
			buildConfigurationList = 609C39361948014F000BBBBE /* Build configuration list for PBXProject "Giants" */;
			compatibilityVersion = "Xcode 3.2";
			developmentRegion = English;
			hasScannedForEncodings = 0;
			knownRegions = (
				en,
				Base,
			);
			mainGroup = 609C39321948014F000BBBBE;
			productRefGroup = 609C393C1948014F000BBBBE /* Products */;
			projectDirPath = "";
			projectRoot = "";
			targets = (
				609C393A1948014F000BBBBE /* Giants */,
				609C394C19480150000BBBBE /* GiantsTests */,
			);
		};
/* End PBXProject section */

/* Begin PBXResourcesBuildPhase section */
		609C39391948014F000BBBBE /* Resources */ = {
			isa = PBXResourcesBuildPhase;
			buildActionMask = 2147483647;
			files = (
				609C39461948014F000BBBBE /* Main.storyboard in Resources */,
				609C395F1948017C000BBBBE /* giants.png in Resources */,
				609C39481948014F000BBBBE /* Images.xcassets in Resources */,
				609C39601948017C000BBBBE /* pence.png in Resources */,
			);
			runOnlyForDeploymentPostprocessing = 0;
		};
		609C394B19480150000BBBBE /* Resources */ = {
			isa = PBXResourcesBuildPhase;
			buildActionMask = 2147483647;
			files = (
			);
			runOnlyForDeploymentPostprocessing = 0;
		};
/* End PBXResourcesBuildPhase section */

/* Begin PBXSourcesBuildPhase section */
		609C39371948014F000BBBBE /* Sources */ = {
			isa = PBXSourcesBuildPhase;
			buildActionMask = 2147483647;
			files = (
				609C39431948014F000BBBBE /* ViewController.swift in Sources */,
				609C39411948014F000BBBBE /* AppDelegate.swift in Sources */,
				609C3962194802B5000BBBBE /* UIImage+Cropping.swift in Sources */,
			);
			runOnlyForDeploymentPostprocessing = 0;
		};
		609C394919480150000BBBBE /* Sources */ = {
			isa = PBXSourcesBuildPhase;
			buildActionMask = 2147483647;
			files = (
				609C395419480150000BBBBE /* GiantsTests.swift in Sources */,
			);
			runOnlyForDeploymentPostprocessing = 0;
		};
/* End PBXSourcesBuildPhase section */

/* Begin PBXTargetDependency section */
		609C394F19480150000BBBBE /* PBXTargetDependency */ = {
			isa = PBXTargetDependency;
			target = 609C393A1948014F000BBBBE /* Giants */;
			targetProxy = 609C394E19480150000BBBBE /* PBXContainerItemProxy */;
		};
/* End PBXTargetDependency section */

/* Begin PBXVariantGroup section */
		609C39441948014F000BBBBE /* Main.storyboard */ = {
			isa = PBXVariantGroup;
			children = (
				609C39451948014F000BBBBE /* Base */,
			);
			name = Main.storyboard;
			sourceTree = "<group>";
		};
/* End PBXVariantGroup section */

/* Begin XCBuildConfiguration section */
		609C395519480150000BBBBE /* Debug */ = {
			isa = XCBuildConfiguration;
			buildSettings = {
				ALWAYS_SEARCH_USER_PATHS = NO;
				CLANG_CXX_LANGUAGE_STANDARD = "gnu++0x";
				CLANG_CXX_LIBRARY = "libc++";
				CLANG_ENABLE_MODULES = YES;
				CLANG_ENABLE_OBJC_ARC = YES;
				CLANG_WARN_BOOL_CONVERSION = YES;
				CLANG_WARN_CONSTANT_CONVERSION = YES;
				CLANG_WARN_DIRECT_OBJC_ISA_USAGE = YES_ERROR;
				CLANG_WARN_EMPTY_BODY = YES;
				CLANG_WARN_ENUM_CONVERSION = YES;
				CLANG_WARN_INT_CONVERSION = YES;
				CLANG_WARN_OBJC_ROOT_CLASS = YES_ERROR;
				CLANG_WARN_UNREACHABLE_CODE = YES;
				CLANG_WARN__DUPLICATE_METHOD_MATCH = YES;
				"CODE_SIGN_IDENTITY[sdk=iphoneos*]" = "iPhone Developer";
				COPY_PHASE_STRIP = NO;
				ENABLE_STRICT_OBJC_MSGSEND = YES;
				GCC_C_LANGUAGE_STANDARD = gnu99;
				GCC_DYNAMIC_NO_PIC = NO;
				GCC_OPTIMIZATION_LEVEL = 0;
				GCC_PREPROCESSOR_DEFINITIONS = (
					"DEBUG=1",
					"$(inherited)",
				);
				GCC_SYMBOLS_PRIVATE_EXTERN = NO;
				GCC_WARN_64_TO_32_BIT_CONVERSION = YES;
				GCC_WARN_ABOUT_RETURN_TYPE = YES_ERROR;
				GCC_WARN_UNDECLARED_SELECTOR = YES;
				GCC_WARN_UNINITIALIZED_AUTOS = YES_AGGRESSIVE;
				GCC_WARN_UNUSED_FUNCTION = YES;
				GCC_WARN_UNUSED_VARIABLE = YES;
				IPHONEOS_DEPLOYMENT_TARGET = 8.0;
				METAL_ENABLE_DEBUG_INFO = YES;
				ONLY_ACTIVE_ARCH = YES;
				SDKROOT = iphoneos;
				SWIFT_OPTIMIZATION_LEVEL = "-Onone";
				TARGETED_DEVICE_FAMILY = "1,2";
			};
			name = Debug;
		};
		609C395619480150000BBBBE /* Release */ = {
			isa = XCBuildConfiguration;
			buildSettings = {
				ALWAYS_SEARCH_USER_PATHS = NO;
				CLANG_CXX_LANGUAGE_STANDARD = "gnu++0x";
				CLANG_CXX_LIBRARY = "libc++";
				CLANG_ENABLE_MODULES = YES;
				CLANG_ENABLE_OBJC_ARC = YES;
				CLANG_WARN_BOOL_CONVERSION = YES;
				CLANG_WARN_CONSTANT_CONVERSION = YES;
				CLANG_WARN_DIRECT_OBJC_ISA_USAGE = YES_ERROR;
				CLANG_WARN_EMPTY_BODY = YES;
				CLANG_WARN_ENUM_CONVERSION = YES;
				CLANG_WARN_INT_CONVERSION = YES;
				CLANG_WARN_OBJC_ROOT_CLASS = YES_ERROR;
				CLANG_WARN_UNREACHABLE_CODE = YES;
				CLANG_WARN__DUPLICATE_METHOD_MATCH = YES;
				"CODE_SIGN_IDENTITY[sdk=iphoneos*]" = "iPhone Developer";
				COPY_PHASE_STRIP = YES;
				ENABLE_NS_ASSERTIONS = NO;
				ENABLE_STRICT_OBJC_MSGSEND = YES;
				GCC_C_LANGUAGE_STANDARD = gnu99;
				GCC_WARN_64_TO_32_BIT_CONVERSION = YES;
				GCC_WARN_ABOUT_RETURN_TYPE = YES_ERROR;
				GCC_WARN_UNDECLARED_SELECTOR = YES;
				GCC_WARN_UNINITIALIZED_AUTOS = YES_AGGRESSIVE;
				GCC_WARN_UNUSED_FUNCTION = YES;
				GCC_WARN_UNUSED_VARIABLE = YES;
				IPHONEOS_DEPLOYMENT_TARGET = 8.0;
				METAL_ENABLE_DEBUG_INFO = NO;
				SDKROOT = iphoneos;
				TARGETED_DEVICE_FAMILY = "1,2";
				VALIDATE_PRODUCT = YES;
			};
			name = Release;
		};
		609C395819480150000BBBBE /* Debug */ = {
			isa = XCBuildConfiguration;
			buildSettings = {
				ASSETCATALOG_COMPILER_APPICON_NAME = AppIcon;
				ASSETCATALOG_COMPILER_LAUNCHIMAGE_NAME = LaunchImage;
				INFOPLIST_FILE = Giants/Info.plist;
				LD_RUNPATH_SEARCH_PATHS = "$(inherited) @executable_path/Frameworks";
				PRODUCT_NAME = "$(TARGET_NAME)";
			};
			name = Debug;
		};
		609C395919480150000BBBBE /* Release */ = {
			isa = XCBuildConfiguration;
			buildSettings = {
				ASSETCATALOG_COMPILER_APPICON_NAME = AppIcon;
				ASSETCATALOG_COMPILER_LAUNCHIMAGE_NAME = LaunchImage;
				INFOPLIST_FILE = Giants/Info.plist;
				LD_RUNPATH_SEARCH_PATHS = "$(inherited) @executable_path/Frameworks";
				PRODUCT_NAME = "$(TARGET_NAME)";
			};
			name = Release;
		};
		609C395B19480150000BBBBE /* Debug */ = {
			isa = XCBuildConfiguration;
			buildSettings = {
				BUNDLE_LOADER = "$(BUILT_PRODUCTS_DIR)/Giants.app/Giants";
				FRAMEWORK_SEARCH_PATHS = (
					"$(SDKROOT)/Developer/Library/Frameworks",
					"$(inherited)",
				);
				GCC_PREPROCESSOR_DEFINITIONS = (
					"DEBUG=1",
					"$(inherited)",
				);
				INFOPLIST_FILE = GiantsTests/Info.plist;
				LD_RUNPATH_SEARCH_PATHS = "$(inherited) @executable_path/Frameworks @loader_path/Frameworks";
				METAL_ENABLE_DEBUG_INFO = YES;
				PRODUCT_NAME = "$(TARGET_NAME)";
				TEST_HOST = "$(BUNDLE_LOADER)";
			};
			name = Debug;
		};
		609C395C19480150000BBBBE /* Release */ = {
			isa = XCBuildConfiguration;
			buildSettings = {
				BUNDLE_LOADER = "$(BUILT_PRODUCTS_DIR)/Giants.app/Giants";
				FRAMEWORK_SEARCH_PATHS = (
					"$(SDKROOT)/Developer/Library/Frameworks",
					"$(inherited)",
				);
				INFOPLIST_FILE = GiantsTests/Info.plist;
				LD_RUNPATH_SEARCH_PATHS = "$(inherited) @executable_path/Frameworks @loader_path/Frameworks";
				METAL_ENABLE_DEBUG_INFO = NO;
				PRODUCT_NAME = "$(TARGET_NAME)";
				TEST_HOST = "$(BUNDLE_LOADER)";
			};
			name = Release;
		};
/* End XCBuildConfiguration section */

/* Begin XCConfigurationList section */
		609C39361948014F000BBBBE /* Build configuration list for PBXProject "Giants" */ = {
			isa = XCConfigurationList;
			buildConfigurations = (
				609C395519480150000BBBBE /* Debug */,
				609C395619480150000BBBBE /* Release */,
			);
			defaultConfigurationIsVisible = 0;
			defaultConfigurationName = Release;
		};
		609C395719480150000BBBBE /* Build configuration list for PBXNativeTarget "Giants" */ = {
			isa = XCConfigurationList;
			buildConfigurations = (
				609C395819480150000BBBBE /* Debug */,
				609C395919480150000BBBBE /* Release */,
			);
			defaultConfigurationIsVisible = 0;
		};
		609C395A19480150000BBBBE /* Build configuration list for PBXNativeTarget "GiantsTests" */ = {
			isa = XCConfigurationList;
			buildConfigurations = (
				609C395B19480150000BBBBE /* Debug */,
				609C395C19480150000BBBBE /* Release */,
			);
			defaultConfigurationIsVisible = 0;
		};
/* End XCConfigurationList section */
	};
	rootObject = 609C39331948014F000BBBBE /* Project object */;
}
